Microsoft Visual Studio Solution File, Format Version 12.00
# Visual Studio Version 16
VisualStudioVersion = 16.0.31424.327
MinimumVisualStudioVersion = 10.0.40219.1
Project("{FAE04EC0-301F-11D3-BF4B-00C04F79EFBC}") = "YTMDotNet", "YTMDotNet.csproj", "{2CAA8556-D134-43CD-9FC0-B3946FF9CD2C}"
EndProject
Global
	GlobalSection(SolutionConfigurationPlatforms) = preSolution
		Debug|Any CPU = Debug|Any CPU
		Release|Any CPU = Release|Any CPU
	EndGlobalSection
	GlobalSection(ProjectConfigurationPlatforms) = postSolution
		{2CAA8556-D134-43CD-9FC0-B3946FF9CD2C}.Debug|Any CPU.ActiveCfg = Debug|Any CPU
		{2CAA8556-D134-43CD-9FC0-B3946FF9CD2C}.Debug|Any CPU.Build.0 = Debug|Any CPU
		{2CAA8556-D134-43CD-9FC0-B3946FF9CD2C}.Release|Any CPU.ActiveCfg = Release|Any CPU
		{2CAA8556-D134-43CD-9FC0-B3946FF9CD2C}.Release|Any CPU.Build.0 = Release|Any CPU
	EndGlobalSection
	GlobalSection(SolutionProperties) = preSolution
		HideSolutionNode = FALSE
	EndGlobalSection
	GlobalSection(ExtensibilityGlobals) = postSolution
		SolutionGuid = {917D384E-B7A2-4435-8F49-4F552226FE34}
	EndGlobalSection
EndGlobal
